
Microsoft Visual Studio Solution File, Format Version 12.00
Project("{FAE04EC0-301F-11D3-BF4B-00C04F79EFBC}") = "Exercício_de_fixação_listas", "Exercício_de_fixação_listas\Exercício_de_fixação_listas.csproj", "{1BCC7106-90A3-4914-BBA3-F398EC7CE60D}"
EndProject
Global
	GlobalSection(SolutionConfigurationPlatforms) = preSolution
		Debug|Any CPU = Debug|Any CPU
		Release|Any CPU = Release|Any CPU
	EndGlobalSection
	GlobalSection(ProjectConfigurationPlatforms) = postSolution
		{1BCC7106-90A3-4914-BBA3-F398EC7CE60D}.Debug|Any CPU.ActiveCfg = Debug|Any CPU
		{1BCC7106-90A3-4914-BBA3-F398EC7CE60D}.Debug|Any CPU.Build.0 = Debug|Any CPU
		{1BCC7106-90A3-4914-BBA3-F398EC7CE60D}.Release|Any CPU.ActiveCfg = Release|Any CPU
		{1BCC7106-90A3-4914-BBA3-F398EC7CE60D}.Release|Any CPU.Build.0 = Release|Any CPU
	EndGlobalSection
EndGlobal
