
Microsoft Visual Studio Solution File, Format Version 12.00
Project("{FAE04EC0-301F-11D3-BF4B-00C04F79EFBC}") = "WorkerMonthlyIncome", "WorkerMonthlyIncome\WorkerMonthlyIncome.csproj", "{0F197E8D-778D-49B2-9E30-870BBCD019CB}"
EndProject
Global
	GlobalSection(SolutionConfigurationPlatforms) = preSolution
		Debug|Any CPU = Debug|Any CPU
		Release|Any CPU = Release|Any CPU
	EndGlobalSection
	GlobalSection(ProjectConfigurationPlatforms) = postSolution
		{0F197E8D-778D-49B2-9E30-870BBCD019CB}.Debug|Any CPU.ActiveCfg = Debug|Any CPU
		{0F197E8D-778D-49B2-9E30-870BBCD019CB}.Debug|Any CPU.Build.0 = Debug|Any CPU
		{0F197E8D-778D-49B2-9E30-870BBCD019CB}.Release|Any CPU.ActiveCfg = Release|Any CPU
		{0F197E8D-778D-49B2-9E30-870BBCD019CB}.Release|Any CPU.Build.0 = Release|Any CPU
	EndGlobalSection
EndGlobal
